
Microsoft Visual Studio Solution File, Format Version 12.00
# Visual Studio Version 16
VisualStudioVersion = 16.0.32630.194
MinimumVisualStudioVersion = 10.0.40219.1
Project("{9A19103F-16F7-4668-BE54-9A1E7A4F7556}") = "LinkedList-Problem", "LinkedList-Problem.csproj", "{F795BD26-4FC3-4715-934C-57062C246476}"
EndProject
Global
	GlobalSection(SolutionConfigurationPlatforms) = preSolution
		Debug|Any CPU = Debug|Any CPU
		Release|Any CPU = Release|Any CPU
	EndGlobalSection
	GlobalSection(ProjectConfigurationPlatforms) = postSolution
		{F795BD26-4FC3-4715-934C-57062C246476}.Debug|Any CPU.ActiveCfg = Debug|Any CPU
		{F795BD26-4FC3-4715-934C-57062C246476}.Debug|Any CPU.Build.0 = Debug|Any CPU
		{F795BD26-4FC3-4715-934C-57062C246476}.Release|Any CPU.ActiveCfg = Release|Any CPU
		{F795BD26-4FC3-4715-934C-57062C246476}.Release|Any CPU.Build.0 = Release|Any CPU
	EndGlobalSection
	GlobalSection(SolutionProperties) = preSolution
		HideSolutionNode = FALSE
	EndGlobalSection
	GlobalSection(ExtensibilityGlobals) = postSolution
		SolutionGuid = {644BC66E-5338-4340-AFB2-64C188C74D24}
	EndGlobalSection
EndGlobal
